
Microsoft Visual Studio Solution File, Format Version 12.00
# Visual Studio Version 16
VisualStudioVersion = 16.0.30114.105
MinimumVisualStudioVersion = 10.0.40219.1
Project("{FAE04EC0-301F-11D3-BF4B-00C04F79EFBC}") = "question_library", "question_library\question_library.csproj", "{09E941F7-E677-4C81-BDBB-41E81D1B58D1}"
EndProject
Project("{FAE04EC0-301F-11D3-BF4B-00C04F79EFBC}") = "questions", "questions\questions.csproj", "{938B9DB6-DB75-436B-85D5-3913777C07F5}"
EndProject
Global
	GlobalSection(SolutionConfigurationPlatforms) = preSolution
		Debug|Any CPU = Debug|Any CPU
		Debug|x64 = Debug|x64
		Debug|x86 = Debug|x86
		Release|Any CPU = Release|Any CPU
		Release|x64 = Release|x64
		Release|x86 = Release|x86
	EndGlobalSection
	GlobalSection(SolutionProperties) = preSolution
		HideSolutionNode = FALSE
	EndGlobalSection
	GlobalSection(ProjectConfigurationPlatforms) = postSolution
		{09E941F7-E677-4C81-BDBB-41E81D1B58D1}.Debug|Any CPU.ActiveCfg = Debug|Any CPU
		{09E941F7-E677-4C81-BDBB-41E81D1B58D1}.Debug|Any CPU.Build.0 = Debug|Any CPU
		{09E941F7-E677-4C81-BDBB-41E81D1B58D1}.Debug|x64.ActiveCfg = Debug|Any CPU
		{09E941F7-E677-4C81-BDBB-41E81D1B58D1}.Debug|x64.Build.0 = Debug|Any CPU
		{09E941F7-E677-4C81-BDBB-41E81D1B58D1}.Debug|x86.ActiveCfg = Debug|Any CPU
		{09E941F7-E677-4C81-BDBB-41E81D1B58D1}.Debug|x86.Build.0 = Debug|Any CPU
		{09E941F7-E677-4C81-BDBB-41E81D1B58D1}.Release|Any CPU.ActiveCfg = Release|Any CPU
		{09E941F7-E677-4C81-BDBB-41E81D1B58D1}.Release|Any CPU.Build.0 = Release|Any CPU
		{09E941F7-E677-4C81-BDBB-41E81D1B58D1}.Release|x64.ActiveCfg = Release|Any CPU
		{09E941F7-E677-4C81-BDBB-41E81D1B58D1}.Release|x64.Build.0 = Release|Any CPU
		{09E941F7-E677-4C81-BDBB-41E81D1B58D1}.Release|x86.ActiveCfg = Release|Any CPU
		{09E941F7-E677-4C81-BDBB-41E81D1B58D1}.Release|x86.Build.0 = Release|Any CPU
		{938B9DB6-DB75-436B-85D5-3913777C07F5}.Debug|Any CPU.ActiveCfg = Debug|Any CPU
		{938B9DB6-DB75-436B-85D5-3913777C07F5}.Debug|Any CPU.Build.0 = Debug|Any CPU
		{938B9DB6-DB75-436B-85D5-3913777C07F5}.Debug|x64.ActiveCfg = Debug|Any CPU
		{938B9DB6-DB75-436B-85D5-3913777C07F5}.Debug|x64.Build.0 = Debug|Any CPU
		{938B9DB6-DB75-436B-85D5-3913777C07F5}.Debug|x86.ActiveCfg = Debug|Any CPU
		{938B9DB6-DB75-436B-85D5-3913777C07F5}.Debug|x86.Build.0 = Debug|Any CPU
		{938B9DB6-DB75-436B-85D5-3913777C07F5}.Release|Any CPU.ActiveCfg = Release|Any CPU
		{938B9DB6-DB75-436B-85D5-3913777C07F5}.Release|Any CPU.Build.0 = Release|Any CPU
		{938B9DB6-DB75-436B-85D5-3913777C07F5}.Release|x64.ActiveCfg = Release|Any CPU
		{938B9DB6-DB75-436B-85D5-3913777C07F5}.Release|x64.Build.0 = Release|Any CPU
		{938B9DB6-DB75-436B-85D5-3913777C07F5}.Release|x86.ActiveCfg = Release|Any CPU
		{938B9DB6-DB75-436B-85D5-3913777C07F5}.Release|x86.Build.0 = Release|Any CPU
	EndGlobalSection
EndGlobal
